{
  "name": "gklearnstudy-website",
  "version": "1.0.0",
  "lockfileVersion": 3,
  "requires": true,
  "packages": {
    "": {
      "name": "gklearnstudy-website",
      "version": "1.0.0",
      "dependencies": {
        "cheerio": "^1.0.0-rc.12"
      }
    },
    "node_modules/cheerio": {
      "version": "1.0.0-rc.12",
      "resolved": "https://registry.npmjs.org/cheerio/-/cheerio-1.0.0-rc.12.tgz",
      "integrity": "sha512-UmOceZ6grf/GgHVIaN5a7I2NjsfVdDAxeeSozSyibQgD8sF0f2IXX4QWEP2s6N3GASiA1RDg7iZpLnsyotOaGA==",
      "dependencies": {
        "cheerio-select": "2.1.0",
        "htmlparser2": "8.0.2",
        "parse5": "7.1.2",
        "tslib": "2.6.3"
      },
      "funding": {
        "type": "opencollective",
        "url": "https://opencollective.com/cheerio"
      }
    },
    "node_modules/cheerio-select": {
      "version": "2.1.0",
      "resolved": "https://registry.npmjs.org/cheerio-select/-/cheerio-select-2.1.0.tgz",
      "integrity": "sha512-Dgyv5Q0yGgGxnSSb2E5I/aPa3fNEaS23atKzcdbDB6NmaFwU28JwSSB2WdpAZQ+4aAJkQ2leQvT438k3Oletqg==",
      "dependencies": {
        "css-what": "6.1.0",
        "domhandler": "5.0.3",
        "domutils": "3.1.0",
        "tslib": "2.6.3"
      }
    },
    "node_modules/css-what": {
      "version": "6.1.0",
      "resolved": "https://registry.npmjs.org/css-what/-/css-what-6.1.0.tgz",
      "integrity": "sha512-b+dZkc4/i4oI33B84d8zCnJC7V7N1eWv5sQ8CR/yM11k4D+2183PSr7jnkXweSVnMZeQcZTzKa4ZtC7lBv/o6g==",
      "dependencies": {
        "tslib": "^2.3.1"
      },
      "engines": {
        "node": ">= 6"
      },
      "funding": {
        "url": "https://github.com/sponsors/fb55"
      }
    },
    "node_modules/css-what/node_modules/tslib": {
      "version": "2.6.3",
      "resolved": "https://registry.npmjs.org/tslib/-/tslib-2.6.3.tgz",
      "integrity": "sha512-xN0OqNz23TfJCak30L2a7v851fSUCjIOLJeJ3p7BwStg3T+jNpwjmrEdrAICIuSjEc5zGlhXioJIssMWiM6SAw=="
    },
    "node_modules/dom-serializer": {
      "version": "2.0.0",
      "resolved": "https://registry.npmjs.org/dom-serializer/-/dom-serializer-2.0.0.tgz",
      "integrity": "sha512-w9bXgQ2unB13sBU2Li3aQdM9v0TGH2hETsoiK1/7S5Bf9Tf223wGNoiQ+3SjD2S/e42LqEdlK4lIQbHwQ5m+w==",
      "dependencies": {
        "domhandler": "^5.0.3",
        "domelementtype": "^2.3.0",
        "entities": "^4.5.0"
      },
      "engines": {
        "node": ">= 4"
      }
    },
    "node_modules/domelementtype": {
      "version": "2.3.0",
      "resolved": "https://registry.npmjs.org/domelementtype/-/domelementtype-2.3.0.tgz",
      "integrity": "sha512-OLETBj6w0Os+tUe6TklLAdFcOh2+H/9v8ZPXK+I4eEXB3Vp2T32N7m8tOF3E2axK5bhtrS2kYQK1DEIuPO1a1A==",
      "funding": {
        "url": "https://github.com/sponsors/fb55"
      }
    },
    "node_modules/domhandler": {
      "version": "5.0.3",
      "resolved": "https://registry.npmjs.org/domhandler/-/domhandler-5.0.3.tgz",
      "integrity": "sha512-SjDovQdGhsf11v22nmR4z3sP9P2a2M1hX12vDkI54f7z3WSEL6E6sfgIgOYQ2V3T2MXXXsF9IHr94lEDqlyH2w==",
      "dependencies": {
        "domelementtype": "^2.3.0"
      },
      "engines": {
        "node": ">= 4"
      },
      "funding": {
        "url": "https://github.com/sponsors/fb55"
      }
    },
    "node_modules/domutils": {
      "version": "3.1.0",
      "resolved": "https://registry.npmjs.org/domutils/-/domutils-3.1.0.tgz",
      "integrity": "sha512-I+63g2u9AEQ6xfP3KmuXoIalKn0EHM3JCJDSxsG84LKI77aJalMyyl2i2sR22a3gMX421F3s+OrYnHuYl4z33Q==",
      "dependencies": {
        "domhandler": "^5.0.3",
        "domelementtype": "^2.3.0"
      },
      "engines": {
        "node": ">= 12"
      },
      "funding": {
        "url": "https://github.com/sponsors/fb55"
      }
    },
    "node_modules/entities": {
      "version": "4.5.0",
      "resolved": "https://registry.npmjs.org/entities/-/entities-4.5.0.tgz",
      "integrity": "sha512-V0SAiS3d2cVD0w+scd0I92eMse3+OiR5TYH6O530rY4I9cR2upC5zM9dMuWrgu9RebCuSIAuQYDU+zRu2Q4wBA==",
      "engines": {
        "node": ">=0.10"
      },
      "funding": {
        "url": "https://github.com/sponsors/fb55"
      }
    },
    "node_modules/htmlparser2": {
      "version": "8.0.2",
      "resolved": "https://registry.npmjs.org/htmlparser2/-/htmlparser2-8.0.2.tgz",
      "integrity": "sha512-GYdjW1dhA5gHS8u6i2OflMv1tO8xJLPdCAO1T5nJndxNcHySoCEXVMQok8t34K22U51hoSqL4IIwF76emZqI9A==",
      "dependencies": {
        "dom-serializer": "2.0.0",
        "domhandler": "5.0.3",
        "domutils": "3.1.0",
        "entities": "4.5.0"
      },
      "funding": {
        "url": "https://github.com/sponsors/fb55"
      }
    },
    "node_modules/parse5": {
      "version": "7.1.2",
      "resolved": "https://registry.npmjs.org/parse5/-/parse5-7.1.2.tgz",
      "integrity": "sha512-CDh7dUmk1k52V9kL6nLgceURtrtaCgJCaB0wusU2wx9rDCeLarFGdnP/8I0KkUoNLpQyS6gGjMtKADHgJSbQdg==",
      "dependencies": {
        "entities": "^4.4.0"
      }
    },
    "node_modules/tslib": {
      "version": "2.6.3",
      "resolved": "https://registry.npmjs.org/tslib/-/tslib-2.6.3.tgz",
      "integrity": "sha512-xN0OqNz23TfJCak30L2a7v851fSUCjIOLJeJ3p7BwStg3T+jNpwjmrEdrAICIuSjEc5zGlhXioJIssMWiM6SAw=="
    }
  }
}
